# THIS IS AN AUTOGENERATED FILE. DO NOT EDIT THIS FILE DIRECTLY.
# yarn lockfile v1


"@opentelemetry/api-metrics@0.24.0":
  version "0.24.0"
  resolved "https://registry.yarnpkg.com/@opentelemetry/api-metrics/-/api-metrics-0.24.0.tgz#54e3d6ef20fd9b489446cc3f102b48a212af04d7"
  integrity sha512-hdpkMeVlRGTuMshD2ZFaDjA/U0cZTkxUkJFvS/4yOiWfw+kEASmGE+U0/i9lbdQKuCR7X1rXSjbcYumlHcMG+A==

"@opentelemetry/api@^1.0.2":
  version "1.0.2"
  resolved "https://registry.yarnpkg.com/@opentelemetry/api/-/api-1.0.2.tgz#921e1f2b2484b762d77225a8a25074482d93fccf"
  integrity sha512-DCF9oC89ao8/EJUqrp/beBlDR8Bp2R43jqtzayqCoomIvkwTuPfLcHdVhIGRR69GFlkykFjcDW+V92t0AS7Tww==

"@opentelemetry/core@0.24.0":
  version "0.24.0"
  resolved "https://registry.yarnpkg.com/@opentelemetry/core/-/core-0.24.0.tgz#94033ebab10fdf008f8dae19c9547dadef30a2b2"
  integrity sha512-KpsfxBbFTZT9zaB4Es/fFLbvSzVl9Io/8UUu/TYl4/HgqkmyVInNlWTgRiKyz9nsHzFpGP1kdZJj+YIut0IFsw==
  dependencies:
    "@opentelemetry/semantic-conventions" "0.24.0"
    semver "^7.1.3"

"@opentelemetry/exporter-prometheus@^0.24.0":
  version "0.24.0"
  resolved "https://registry.yarnpkg.com/@opentelemetry/exporter-prometheus/-/exporter-prometheus-0.24.0.tgz#1d6ac59bb94be01f475a4d81dbd4b8aeadd2c879"
  integrity sha512-sPFn+7DSbqQBQ+BrWitL356RnJmMkokSCnvqk5r8vRj4PRBwbbnHZnRgDdsczgj0tFIHzSK87X+H4eGXpYW1WA==
  dependencies:
    "@opentelemetry/api-metrics" "0.24.0"
    "@opentelemetry/core" "0.24.0"
    "@opentelemetry/metrics" "0.24.0"

"@opentelemetry/metrics@0.24.0":
  version "0.24.0"
  resolved "https://registry.yarnpkg.com/@opentelemetry/metrics/-/metrics-0.24.0.tgz#3298b504049a20316513cd9de726f069b238ec66"
  integrity sha512-QqmQCzrSuJE+sCOJ2xXNhctWPp/Am9ILs0Y01MDS08PRJoK20akKHM7eC4oU8ZdXphMg8rYgW2w7tY8rqvYnJg==
  dependencies:
    "@opentelemetry/api-metrics" "0.24.0"
    "@opentelemetry/core" "0.24.0"
    "@opentelemetry/resources" "0.24.0"
    lodash.merge "^4.6.2"

"@opentelemetry/resources@0.24.0":
  version "0.24.0"
  resolved "https://registry.yarnpkg.com/@opentelemetry/resources/-/resources-0.24.0.tgz#834e5a4d0a64ed4de085add8308be203959c44b4"
  integrity sha512-uEr2m13IRkjQAjX6fsYqJ21aONCspRvuQunaCl8LbH1NS1Gj82TuRUHF6TM82ulBPK8pU+nrrqXKuky2cMcIzw==
  dependencies:
    "@opentelemetry/core" "0.24.0"
    "@opentelemetry/semantic-conventions" "0.24.0"

"@opentelemetry/semantic-conventions@0.24.0":
  version "0.24.0"
  resolved "https://registry.yarnpkg.com/@opentelemetry/semantic-conventions/-/semantic-conventions-0.24.0.tgz#1028ef0e0923b24916158d80d2ddfd67ea8b6740"
  integrity sha512-a/szuMQV0Quy0/M7kKdglcbRSoorleyyOwbTNNJ32O+RBN766wbQlMTvdimImTmwYWGr+NJOni1EcC242WlRcA==

lodash.merge@^4.6.2:
  version "4.6.2"
  resolved "https://registry.yarnpkg.com/lodash.merge/-/lodash.merge-4.6.2.tgz#558aa53b43b661e1925a0afdfa36a9a1085fe57a"
  integrity sha512-0KpjqXRVvrYyCsX1swR/XTK0va6VQkQM6MNo7PqW77ByjAhoARA8EfrP1N4+KlKj8YS0ZUCtRT/YUuhyYDujIQ==

lru-cache@^6.0.0:
  version "6.0.0"
  resolved "https://registry.yarnpkg.com/lru-cache/-/lru-cache-6.0.0.tgz#6d6fe6570ebd96aaf90fcad1dafa3b2566db3a94"
  integrity sha512-Jo6dJ04CmSjuznwJSS3pUeWmd/H0ffTlkXXgwZi+eq1UCmqQwCh+eLsYOYCwY991i2Fah4h1BEMCx4qThGbsiA==
  dependencies:
    yallist "^4.0.0"

node-fetch@^2.6.1:
  version "2.6.1"
  resolved "https://registry.yarnpkg.com/node-fetch/-/node-fetch-2.6.1.tgz#045bd323631f76ed2e2b55573394416b639a0052"
  integrity sha512-V4aYg89jEoVRxRb2fJdAg8FHvI7cEyYdVAh94HH0UIK8oJxUfkjlDQN9RbMx+bEjP7+ggMiFRprSti032Oipxw==

semver@^7.1.3:
  version "7.3.5"
  resolved "https://registry.yarnpkg.com/semver/-/semver-7.3.5.tgz#0b621c879348d8998e4b0e4be94b3f12e6018ef7"
  integrity sha512-PoeGJYh8HK4BTO/a9Tf6ZG3veo/A7ZVsYrSA6J8ny9nb3B1VrpkuN+z9OE5wfE5p6H4LchYZsegiQgbJD94ZFQ==
  dependencies:
    lru-cache "^6.0.0"

yallist@^4.0.0:
  version "4.0.0"
  resolved "https://registry.yarnpkg.com/yallist/-/yallist-4.0.0.tgz#9bb92790d9c0effec63be73519e11a35019a3a72"
  integrity sha512-3wdGidZyq5PB084XLES5TpOSRA3wjXAlIWMhum2kRcv/41Sn2emQ0dycQW4uZXLejwKvg6EsvbdlVL+FYEct7A==
